
Microsoft Visual Studio Solution File, Format Version 12.00
# Visual Studio 15
VisualStudioVersion = 15.0.27703.2035
MinimumVisualStudioVersion = 10.0.40219.1
Project("{FAE04EC0-301F-11D3-BF4B-00C04F79EFBC}") = "鼠标控制", "鼠标控制\鼠标控制.csproj", "{58746AC7-D081-4F1D-A7C4-28E6DEBE6A81}"
EndProject
Global
	GlobalSection(SolutionConfigurationPlatforms) = preSolution
		Debug|Any CPU = Debug|Any CPU
		Release|Any CPU = Release|Any CPU
	EndGlobalSection
	GlobalSection(ProjectConfigurationPlatforms) = postSolution
		{58746AC7-D081-4F1D-A7C4-28E6DEBE6A81}.Debug|Any CPU.ActiveCfg = Debug|Any CPU
		{58746AC7-D081-4F1D-A7C4-28E6DEBE6A81}.Debug|Any CPU.Build.0 = Debug|Any CPU
		{58746AC7-D081-4F1D-A7C4-28E6DEBE6A81}.Release|Any CPU.ActiveCfg = Release|Any CPU
		{58746AC7-D081-4F1D-A7C4-28E6DEBE6A81}.Release|Any CPU.Build.0 = Release|Any CPU
	EndGlobalSection
	GlobalSection(SolutionProperties) = preSolution
		HideSolutionNode = FALSE
	EndGlobalSection
	GlobalSection(ExtensibilityGlobals) = postSolution
		SolutionGuid = {44F910EC-B2D2-4FCB-A213-1AF9ADAE3725}
	EndGlobalSection
EndGlobal
